
Microsoft Visual Studio Solution File, Format Version 12.00
# Visual Studio Version 16
VisualStudioVersion = 16.0.31112.23
MinimumVisualStudioVersion = 10.0.40219.1
Project("{FAE04EC0-301F-11D3-BF4B-00C04F79EFBC}") = "Arreglos", "Arreglos.csproj", "{5D35DA9D-2C9A-44B6-89A7-916FF125CC9B}"
EndProject
Global
	GlobalSection(SolutionConfigurationPlatforms) = preSolution
		Debug|Any CPU = Debug|Any CPU
		Release|Any CPU = Release|Any CPU
	EndGlobalSection
	GlobalSection(ProjectConfigurationPlatforms) = postSolution
		{5D35DA9D-2C9A-44B6-89A7-916FF125CC9B}.Debug|Any CPU.ActiveCfg = Debug|Any CPU
		{5D35DA9D-2C9A-44B6-89A7-916FF125CC9B}.Debug|Any CPU.Build.0 = Debug|Any CPU
		{5D35DA9D-2C9A-44B6-89A7-916FF125CC9B}.Release|Any CPU.ActiveCfg = Release|Any CPU
		{5D35DA9D-2C9A-44B6-89A7-916FF125CC9B}.Release|Any CPU.Build.0 = Release|Any CPU
	EndGlobalSection
	GlobalSection(SolutionProperties) = preSolution
		HideSolutionNode = FALSE
	EndGlobalSection
	GlobalSection(ExtensibilityGlobals) = postSolution
		SolutionGuid = {B367A0BE-177A-45A1-A4D9-CE8C7BC66C95}
	EndGlobalSection
EndGlobal
